// !$*UTF8*$!
{
	archiveVersion = 1;
	classes = {
	};
	objectVersion = 48;
	objects = {

/* Begin PBXBuildFile section */
		142E48F9203972AC00F909BE /* AppDelegate.swift in Sources */ = {isa = PBXBuildFile; fileRef = 142E48F8203972AC00F909BE /* AppDelegate.swift */; };
		142E48FB203972AC00F909BE /* ViewController.swift in Sources */ = {isa = PBXBuildFile; fileRef = 142E48FA203972AC00F909BE /* ViewController.swift */; };
		142E48FE203972AC00F909BE /* Main.storyboard in Resources */ = {isa = PBXBuildFile; fileRef = 142E48FC203972AC00F909BE /* Main.storyboard */; };
		142E4900203972AC00F909BE /* Assets.xcassets in Resources */ = {isa = PBXBuildFile; fileRef = 142E48FF203972AC00F909BE /* Assets.xcassets */; };
		142E4903203972AD00F909BE /* LaunchScreen.storyboard in Resources */ = {isa = PBXBuildFile; fileRef = 142E4901203972AD00F909BE /* LaunchScreen.storyboard */; };
		142E490E203972AD00F909BE /* VotingPowerRechargeTimeCalculatorTests.swift in Sources */ = {isa = PBXBuildFile; fileRef = 142E490D203972AD00F909BE /* VotingPowerRechargeTimeCalculatorTests.swift */; };
		142E4919203972AD00F909BE /* VotingPowerRechargeTimeCalculatorUITests.swift in Sources */ = {isa = PBXBuildFile; fileRef = 142E4918203972AD00F909BE /* VotingPowerRechargeTimeCalculatorUITests.swift */; };
/* End PBXBuildFile section */

/* Begin PBXContainerItemProxy section */
		142E490A203972AD00F909BE /* PBXContainerItemProxy */ = {
			isa = PBXContainerItemProxy;
			containerPortal = 142E48ED203972AC00F909BE /* Project object */;
			proxyType = 1;
			remoteGlobalIDString = 142E48F4203972AC00F909BE;
			remoteInfo = VotingPowerRechargeTimeCalculator;
		};
		142E4915203972AD00F909BE /* PBXContainerItemProxy */ = {
			isa = PBXContainerItemProxy;
			containerPortal = 142E48ED203972AC00F909BE /* Project object */;
			proxyType = 1;
			remoteGlobalIDString = 142E48F4203972AC00F909BE;
			remoteInfo = VotingPowerRechargeTimeCalculator;
		};
/* End PBXContainerItemProxy section */

/* Begin PBXFileReference section */
		142E48F5203972AC00F909BE /* VotingPowerRechargeTimeCalculator.app */ = {isa = PBXFileReference; explicitFileType = wrapper.application; includeInIndex = 0; path = VotingPowerRechargeTimeCalculator.app; sourceTree = BUILT_PRODUCTS_DIR; };
		142E48F8203972AC00F909BE /* AppDelegate.swift */ = {isa = PBXFileReference; lastKnownFileType = sourcecode.swift; path = AppDelegate.swift; sourceTree = "<group>"; };
		142E48FA203972AC00F909BE /* ViewController.swift */ = {isa = PBXFileReference; lastKnownFileType = sourcecode.swift; path = ViewController.swift; sourceTree = "<group>"; };
		142E48FD203972AC00F909BE /* Base */ = {isa = PBXFileReference; lastKnownFileType = file.storyboard; name = Base; path = Base.lproj/Main.storyboard; sourceTree = "<group>"; };
		142E48FF203972AC00F909BE /* Assets.xcassets */ = {isa = PBXFileReference; lastKnownFileType = folder.assetcatalog; path = Assets.xcassets; sourceTree = "<group>"; };
		142E4902203972AD00F909BE /* Base */ = {isa = PBXFileReference; lastKnownFileType = file.storyboard; name = Base; path = Base.lproj/LaunchScreen.storyboard; sourceTree = "<group>"; };
		142E4904203972AD00F909BE /* Info.plist */ = {isa = PBXFileReference; lastKnownFileType = text.plist.xml; path = Info.plist; sourceTree = "<group>"; };
		142E4909203972AD00F909BE /* VotingPowerRechargeTimeCalculatorTests.xctest */ = {isa = PBXFileReference; explicitFileType = wrapper.cfbundle; includeInIndex = 0; path = VotingPowerRechargeTimeCalculatorTests.xctest; sourceTree = BUILT_PRODUCTS_DIR; };
		142E490D203972AD00F909BE /* VotingPowerRechargeTimeCalculatorTests.swift */ = {isa = PBXFileReference; lastKnownFileType = sourcecode.swift; path = VotingPowerRechargeTimeCalculatorTests.swift; sourceTree = "<group>"; };
		142E490F203972AD00F909BE /* Info.plist */ = {isa = PBXFileReference; lastKnownFileType = text.plist.xml; path = Info.plist; sourceTree = "<group>"; };
		142E4914203972AD00F909BE /* VotingPowerRechargeTimeCalculatorUITests.xctest */ = {isa = PBXFileReference; explicitFileType = wrapper.cfbundle; includeInIndex = 0; path = VotingPowerRechargeTimeCalculatorUITests.xctest; sourceTree = BUILT_PRODUCTS_DIR; };
		142E4918203972AD00F909BE /* VotingPowerRechargeTimeCalculatorUITests.swift */ = {isa = PBXFileReference; lastKnownFileType = sourcecode.swift; path = VotingPowerRechargeTimeCalculatorUITests.swift; sourceTree = "<group>"; };
		142E491A203972AD00F909BE /* Info.plist */ = {isa = PBXFileReference; lastKnownFileType = text.plist.xml; path = Info.plist; sourceTree = "<group>"; };
/* End PBXFileReference section */

/* Begin PBXFrameworksBuildPhase section */
		142E48F2203972AC00F909BE /* Frameworks */ = {
			isa = PBXFrameworksBuildPhase;
			buildActionMask = 2147483647;
			files = (
			);
			runOnlyForDeploymentPostprocessing = 0;
		};
		142E4906203972AD00F909BE /* Frameworks */ = {
			isa = PBXFrameworksBuildPhase;
			buildActionMask = 2147483647;
			files = (
			);
			runOnlyForDeploymentPostprocessing = 0;
		};
		142E4911203972AD00F909BE /* Frameworks */ = {
			isa = PBXFrameworksBuildPhase;
			buildActionMask = 2147483647;
			files = (
			);
			runOnlyForDeploymentPostprocessing = 0;
		};
/* End PBXFrameworksBuildPhase section */

/* Begin PBXGroup section */
		142E48EC203972AC00F909BE = {
			isa = PBXGroup;
			children = (
				142E48F7203972AC00F909BE /* VotingPowerRechargeTimeCalculator */,
				142E490C203972AD00F909BE /* VotingPowerRechargeTimeCalculatorTests */,
				142E4917203972AD00F909BE /* VotingPowerRechargeTimeCalculatorUITests */,
				142E48F6203972AC00F909BE /* Products */,
			);
			sourceTree = "<group>";
		};
		142E48F6203972AC00F909BE /* Products */ = {
			isa = PBXGroup;
			children = (
				142E48F5203972AC00F909BE /* VotingPowerRechargeTimeCalculator.app */,
				142E4909203972AD00F909BE /* VotingPowerRechargeTimeCalculatorTests.xctest */,
				142E4914203972AD00F909BE /* VotingPowerRechargeTimeCalculatorUITests.xctest */,
			);
			name = Products;
			sourceTree = "<group>";
		};
		142E48F7203972AC00F909BE /* VotingPowerRechargeTimeCalculator */ = {
			isa = PBXGroup;
			children = (
				142E48F8203972AC00F909BE /* AppDelegate.swift */,
				142E48FA203972AC00F909BE /* ViewController.swift */,
				142E48FC203972AC00F909BE /* Main.storyboard */,
				142E48FF203972AC00F909BE /* Assets.xcassets */,
				142E4901203972AD00F909BE /* LaunchScreen.storyboard */,
				142E4904203972AD00F909BE /* Info.plist */,
			);
			path = VotingPowerRechargeTimeCalculator;
			sourceTree = "<group>";
		};
		142E490C203972AD00F909BE /* VotingPowerRechargeTimeCalculatorTests */ = {
			isa = PBXGroup;
			children = (
				142E490D203972AD00F909BE /* VotingPowerRechargeTimeCalculatorTests.swift */,
				142E490F203972AD00F909BE /* Info.plist */,
			);
			path = VotingPowerRechargeTimeCalculatorTests;
			sourceTree = "<group>";
		};
		142E4917203972AD00F909BE /* VotingPowerRechargeTimeCalculatorUITests */ = {
			isa = PBXGroup;
			children = (
				142E4918203972AD00F909BE /* VotingPowerRechargeTimeCalculatorUITests.swift */,
				142E491A203972AD00F909BE /* Info.plist */,
			);
			path = VotingPowerRechargeTimeCalculatorUITests;
			sourceTree = "<group>";
		};
/* End PBXGroup section */

/* Begin PBXNativeTarget section */
		142E48F4203972AC00F909BE /* VotingPowerRechargeTimeCalculator */ = {
			isa = PBXNativeTarget;
			buildConfigurationList = 142E491D203972AD00F909BE /* Build configuration list for PBXNativeTarget "VotingPowerRechargeTimeCalculator" */;
			buildPhases = (
				142E48F1203972AC00F909BE /* Sources */,
				142E48F2203972AC00F909BE /* Frameworks */,
				142E48F3203972AC00F909BE /* Resources */,
			);
			buildRules = (
			);
			dependencies = (
			);
			name = VotingPowerRechargeTimeCalculator;
			productName = VotingPowerRechargeTimeCalculator;
			productReference = 142E48F5203972AC00F909BE /* VotingPowerRechargeTimeCalculator.app */;
			productType = "com.apple.product-type.application";
		};
		142E4908203972AD00F909BE /* VotingPowerRechargeTimeCalculatorTests */ = {
			isa = PBXNativeTarget;
			buildConfigurationList = 142E4920203972AD00F909BE /* Build configuration list for PBXNativeTarget "VotingPowerRechargeTimeCalculatorTests" */;
			buildPhases = (
				142E4905203972AD00F909BE /* Sources */,
				142E4906203972AD00F909BE /* Frameworks */,
				142E4907203972AD00F909BE /* Resources */,
			);
			buildRules = (
			);
			dependencies = (
				142E490B203972AD00F909BE /* PBXTargetDependency */,
			);
			name = VotingPowerRechargeTimeCalculatorTests;
			productName = VotingPowerRechargeTimeCalculatorTests;
			productReference = 142E4909203972AD00F909BE /* VotingPowerRechargeTimeCalculatorTests.xctest */;
			productType = "com.apple.product-type.bundle.unit-test";
		};
		142E4913203972AD00F909BE /* VotingPowerRechargeTimeCalculatorUITests */ = {
			isa = PBXNativeTarget;
			buildConfigurationList = 142E4923203972AD00F909BE /* Build configuration list for PBXNativeTarget "VotingPowerRechargeTimeCalculatorUITests" */;
			buildPhases = (
				142E4910203972AD00F909BE /* Sources */,
				142E4911203972AD00F909BE /* Frameworks */,
				142E4912203972AD00F909BE /* Resources */,
			);
			buildRules = (
			);
			dependencies = (
				142E4916203972AD00F909BE /* PBXTargetDependency */,
			);
			name = VotingPowerRechargeTimeCalculatorUITests;
			productName = VotingPowerRechargeTimeCalculatorUITests;
			productReference = 142E4914203972AD00F909BE /* VotingPowerRechargeTimeCalculatorUITests.xctest */;
			productType = "com.apple.product-type.bundle.ui-testing";
		};
/* End PBXNativeTarget section */

/* Begin PBXProject section */
		142E48ED203972AC00F909BE /* Project object */ = {
			isa = PBXProject;
			attributes = {
				LastSwiftUpdateCheck = 0920;
				LastUpgradeCheck = 0920;
				ORGANIZATIONNAME = "Ankit Singh";
				TargetAttributes = {
					142E48F4203972AC00F909BE = {
						CreatedOnToolsVersion = 9.2;
						ProvisioningStyle = Automatic;
					};
					142E4908203972AD00F909BE = {
						CreatedOnToolsVersion = 9.2;
						ProvisioningStyle = Automatic;
						TestTargetID = 142E48F4203972AC00F909BE;
					};
					142E4913203972AD00F909BE = {
						CreatedOnToolsVersion = 9.2;
						ProvisioningStyle = Automatic;
						TestTargetID = 142E48F4203972AC00F909BE;
					};
				};
			};
			buildConfigurationList = 142E48F0203972AC00F909BE /* Build configuration list for PBXProject "VotingPowerRechargeTimeCalculator" */;
			compatibilityVersion = "Xcode 8.0";
			developmentRegion = en;
			hasScannedForEncodings = 0;
			knownRegions = (
				en,
				Base,
			);
			mainGroup = 142E48EC203972AC00F909BE;
			productRefGroup = 142E48F6203972AC00F909BE /* Products */;
			projectDirPath = "";
			projectRoot = "";
			targets = (
				142E48F4203972AC00F909BE /* VotingPowerRechargeTimeCalculator */,
				142E4908203972AD00F909BE /* VotingPowerRechargeTimeCalculatorTests */,
				142E4913203972AD00F909BE /* VotingPowerRechargeTimeCalculatorUITests */,
			);
		};
/* End PBXProject section */

/* Begin PBXResourcesBuildPhase section */
		142E48F3203972AC00F909BE /* Resources */ = {
			isa = PBXResourcesBuildPhase;
			buildActionMask = 2147483647;
			files = (
				142E4903203972AD00F909BE /* LaunchScreen.storyboard in Resources */,
				142E4900203972AC00F909BE /* Assets.xcassets in Resources */,
				142E48FE203972AC00F909BE /* Main.storyboard in Resources */,
			);
			runOnlyForDeploymentPostprocessing = 0;
		};
		142E4907203972AD00F909BE /* Resources */ = {
			isa = PBXResourcesBuildPhase;
			buildActionMask = 2147483647;
			files = (
			);
			runOnlyForDeploymentPostprocessing = 0;
		};
		142E4912203972AD00F909BE /* Resources */ = {
			isa = PBXResourcesBuildPhase;
			buildActionMask = 2147483647;
			files = (
			);
			runOnlyForDeploymentPostprocessing = 0;
		};
/* End PBXResourcesBuildPhase section */

/* Begin PBXSourcesBuildPhase section */
		142E48F1203972AC00F909BE /* Sources */ = {
			isa = PBXSourcesBuildPhase;
			buildActionMask = 2147483647;
			files = (
				142E48FB203972AC00F909BE /* ViewController.swift in Sources */,
				142E48F9203972AC00F909BE /* AppDelegate.swift in Sources */,
			);
			runOnlyForDeploymentPostprocessing = 0;
		};
		142E4905203972AD00F909BE /* Sources */ = {
			isa = PBXSourcesBuildPhase;
			buildActionMask = 2147483647;
			files = (
				142E490E203972AD00F909BE /* VotingPowerRechargeTimeCalculatorTests.swift in Sources */,
			);
			runOnlyForDeploymentPostprocessing = 0;
		};
		142E4910203972AD00F909BE /* Sources */ = {
			isa = PBXSourcesBuildPhase;
			buildActionMask = 2147483647;
			files = (
				142E4919203972AD00F909BE /* VotingPowerRechargeTimeCalculatorUITests.swift in Sources */,
			);
			runOnlyForDeploymentPostprocessing = 0;
		};
/* End PBXSourcesBuildPhase section */

/* Begin PBXTargetDependency section */
		142E490B203972AD00F909BE /* PBXTargetDependency */ = {
			isa = PBXTargetDependency;
			target = 142E48F4203972AC00F909BE /* VotingPowerRechargeTimeCalculator */;
			targetProxy = 142E490A203972AD00F909BE /* PBXContainerItemProxy */;
		};
		142E4916203972AD00F909BE /* PBXTargetDependency */ = {
			isa = PBXTargetDependency;
			target = 142E48F4203972AC00F909BE /* VotingPowerRechargeTimeCalculator */;
			targetProxy = 142E4915203972AD00F909BE /* PBXContainerItemProxy */;
		};
/* End PBXTargetDependency section */

/* Begin PBXVariantGroup section */
		142E48FC203972AC00F909BE /* Main.storyboard */ = {
			isa = PBXVariantGroup;
			children = (
				142E48FD203972AC00F909BE /* Base */,
			);
			name = Main.storyboard;
			sourceTree = "<group>";
		};
		142E4901203972AD00F909BE /* LaunchScreen.storyboard */ = {
			isa = PBXVariantGroup;
			children = (
				142E4902203972AD00F909BE /* Base */,
			);
			name = LaunchScreen.storyboard;
			sourceTree = "<group>";
		};
/* End PBXVariantGroup section */

/* Begin XCBuildConfiguration section */
		142E491B203972AD00F909BE /* Debug */ = {
			isa = XCBuildConfiguration;
			buildSettings = {
				ALWAYS_SEARCH_USER_PATHS = NO;
				CLANG_ANALYZER_NONNULL = YES;
				CLANG_ANALYZER_NUMBER_OBJECT_CONVERSION = YES_AGGRESSIVE;
				CLANG_CXX_LANGUAGE_STANDARD = "gnu++14";
				CLANG_CXX_LIBRARY = "libc++";
				CLANG_ENABLE_MODULES = YES;
				CLANG_ENABLE_OBJC_ARC = YES;
				CLANG_WARN_BLOCK_CAPTURE_AUTORELEASING = YES;
				CLANG_WARN_BOOL_CONVERSION = YES;
				CLANG_WARN_COMMA = YES;
				CLANG_WARN_CONSTANT_CONVERSION = YES;
				CLANG_WARN_DIRECT_OBJC_ISA_USAGE = YES_ERROR;
				CLANG_WARN_DOCUMENTATION_COMMENTS = YES;
				CLANG_WARN_EMPTY_BODY = YES;
				CLANG_WARN_ENUM_CONVERSION = YES;
				CLANG_WARN_INFINITE_RECURSION = YES;
				CLANG_WARN_INT_CONVERSION = YES;
				CLANG_WARN_NON_LITERAL_NULL_CONVERSION = YES;
				CLANG_WARN_OBJC_LITERAL_CONVERSION = YES;
				CLANG_WARN_OBJC_ROOT_CLASS = YES_ERROR;
				CLANG_WARN_RANGE_LOOP_ANALYSIS = YES;
				CLANG_WARN_STRICT_PROTOTYPES = YES;
				CLANG_WARN_SUSPICIOUS_MOVE = YES;
				CLANG_WARN_UNGUARDED_AVAILABILITY = YES_AGGRESSIVE;
				CLANG_WARN_UNREACHABLE_CODE = YES;
				CLANG_WARN__DUPLICATE_METHOD_MATCH = YES;
				CODE_SIGN_IDENTITY = "iPhone Developer";
				COPY_PHASE_STRIP = NO;
				DEBUG_INFORMATION_FORMAT = dwarf;
				ENABLE_STRICT_OBJC_MSGSEND = YES;
				ENABLE_TESTABILITY = YES;
				GCC_C_LANGUAGE_STANDARD = gnu11;
				GCC_DYNAMIC_NO_PIC = NO;
				GCC_NO_COMMON_BLOCKS = YES;
				GCC_OPTIMIZATION_LEVEL = 0;
				GCC_PREPROCESSOR_DEFINITIONS = (
					"DEBUG=1",
					"$(inherited)",
				);
				GCC_WARN_64_TO_32_BIT_CONVERSION = YES;
				GCC_WARN_ABOUT_RETURN_TYPE = YES_ERROR;
				GCC_WARN_UNDECLARED_SELECTOR = YES;
				GCC_WARN_UNINITIALIZED_AUTOS = YES_AGGRESSIVE;
				GCC_WARN_UNUSED_FUNCTION = YES;
				GCC_WARN_UNUSED_VARIABLE = YES;
				IPHONEOS_DEPLOYMENT_TARGET = 11.2;
				MTL_ENABLE_DEBUG_INFO = YES;
				ONLY_ACTIVE_ARCH = YES;
				SDKROOT = iphoneos;
				SWIFT_ACTIVE_COMPILATION_CONDITIONS = DEBUG;
				SWIFT_OPTIMIZATION_LEVEL = "-Onone";
			};
			name = Debug;
		};
		142E491C203972AD00F909BE /* Release */ = {
			isa = XCBuildConfiguration;
			buildSettings = {
				ALWAYS_SEARCH_USER_PATHS = NO;
				CLANG_ANALYZER_NONNULL = YES;
				CLANG_ANALYZER_NUMBER_OBJECT_CONVERSION = YES_AGGRESSIVE;
				CLANG_CXX_LANGUAGE_STANDARD = "gnu++14";
				CLANG_CXX_LIBRARY = "libc++";
				CLANG_ENABLE_MODULES = YES;
				CLANG_ENABLE_OBJC_ARC = YES;
				CLANG_WARN_BLOCK_CAPTURE_AUTORELEASING = YES;
				CLANG_WARN_BOOL_CONVERSION = YES;
				CLANG_WARN_COMMA = YES;
				CLANG_WARN_CONSTANT_CONVERSION = YES;
				CLANG_WARN_DIRECT_OBJC_ISA_USAGE = YES_ERROR;
				CLANG_WARN_DOCUMENTATION_COMMENTS = YES;
				CLANG_WARN_EMPTY_BODY = YES;
				CLANG_WARN_ENUM_CONVERSION = YES;
				CLANG_WARN_INFINITE_RECURSION = YES;
				CLANG_WARN_INT_CONVERSION = YES;
				CLANG_WARN_NON_LITERAL_NULL_CONVERSION = YES;
				CLANG_WARN_OBJC_LITERAL_CONVERSION = YES;
				CLANG_WARN_OBJC_ROOT_CLASS = YES_ERROR;
				CLANG_WARN_RANGE_LOOP_ANALYSIS = YES;
				CLANG_WARN_STRICT_PROTOTYPES = YES;
				CLANG_WARN_SUSPICIOUS_MOVE = YES;
				CLANG_WARN_UNGUARDED_AVAILABILITY = YES_AGGRESSIVE;
				CLANG_WARN_UNREACHABLE_CODE = YES;
				CLANG_WARN__DUPLICATE_METHOD_MATCH = YES;
				CODE_SIGN_IDENTITY = "iPhone Developer";
				COPY_PHASE_STRIP = NO;
				DEBUG_INFORMATION_FORMAT = "dwarf-with-dsym";
				ENABLE_NS_ASSERTIONS = NO;
				ENABLE_STRICT_OBJC_MSGSEND = YES;
				GCC_C_LANGUAGE_STANDARD = gnu11;
				GCC_NO_COMMON_BLOCKS = YES;
				GCC_WARN_64_TO_32_BIT_CONVERSION = YES;
				GCC_WARN_ABOUT_RETURN_TYPE = YES_ERROR;
				GCC_WARN_UNDECLARED_SELECTOR = YES;
				GCC_WARN_UNINITIALIZED_AUTOS = YES_AGGRESSIVE;
				GCC_WARN_UNUSED_FUNCTION = YES;
				GCC_WARN_UNUSED_VARIABLE = YES;
				IPHONEOS_DEPLOYMENT_TARGET = 11.2;
				MTL_ENABLE_DEBUG_INFO = NO;
				SDKROOT = iphoneos;
				SWIFT_OPTIMIZATION_LEVEL = "-Owholemodule";
				VALIDATE_PRODUCT = YES;
			};
			name = Release;
		};
		142E491E203972AD00F909BE /* Debug */ = {
			isa = XCBuildConfiguration;
			buildSettings = {
				ASSETCATALOG_COMPILER_APPICON_NAME = AppIcon;
				CODE_SIGN_STYLE = Automatic;
				DEVELOPMENT_TEAM = 6CKF2URQY6;
				INFOPLIST_FILE = VotingPowerRechargeTimeCalculator/Info.plist;
				LD_RUNPATH_SEARCH_PATHS = "$(inherited) @executable_path/Frameworks";
				PRODUCT_BUNDLE_IDENTIFIER = com.personal.VotingPowerRechargeTimeCalculator;
				PRODUCT_NAME = "$(TARGET_NAME)";
				SWIFT_VERSION = 4.0;
				TARGETED_DEVICE_FAMILY = "1,2";
			};
			name = Debug;
		};
		142E491F203972AD00F909BE /* Release */ = {
			isa = XCBuildConfiguration;
			buildSettings = {
				ASSETCATALOG_COMPILER_APPICON_NAME = AppIcon;
				CODE_SIGN_STYLE = Automatic;
				DEVELOPMENT_TEAM = 6CKF2URQY6;
				INFOPLIST_FILE = VotingPowerRechargeTimeCalculator/Info.plist;
				LD_RUNPATH_SEARCH_PATHS = "$(inherited) @executable_path/Frameworks";
				PRODUCT_BUNDLE_IDENTIFIER = com.personal.VotingPowerRechargeTimeCalculator;
				PRODUCT_NAME = "$(TARGET_NAME)";
				SWIFT_VERSION = 4.0;
				TARGETED_DEVICE_FAMILY = "1,2";
			};
			name = Release;
		};
		142E4921203972AD00F909BE /* Debug */ = {
			isa = XCBuildConfiguration;
			buildSettings = {
				ALWAYS_EMBED_SWIFT_STANDARD_LIBRARIES = YES;
				BUNDLE_LOADER = "$(TEST_HOST)";
				CODE_SIGN_STYLE = Automatic;
				DEVELOPMENT_TEAM = 6CKF2URQY6;
				INFOPLIST_FILE = VotingPowerRechargeTimeCalculatorTests/Info.plist;
				LD_RUNPATH_SEARCH_PATHS = "$(inherited) @executable_path/Frameworks @loader_path/Frameworks";
				PRODUCT_BUNDLE_IDENTIFIER = com.personal.VotingPowerRechargeTimeCalculatorTests;
				PRODUCT_NAME = "$(TARGET_NAME)";
				SWIFT_VERSION = 4.0;
				TARGETED_DEVICE_FAMILY = "1,2";
				TEST_HOST = "$(BUILT_PRODUCTS_DIR)/VotingPowerRechargeTimeCalculator.app/VotingPowerRechargeTimeCalculator";
			};
			name = Debug;
		};
		142E4922203972AD00F909BE /* Release */ = {
			isa = XCBuildConfiguration;
			buildSettings = {
				ALWAYS_EMBED_SWIFT_STANDARD_LIBRARIES = YES;
				BUNDLE_LOADER = "$(TEST_HOST)";
				CODE_SIGN_STYLE = Automatic;
				DEVELOPMENT_TEAM = 6CKF2URQY6;
				INFOPLIST_FILE = VotingPowerRechargeTimeCalculatorTests/Info.plist;
				LD_RUNPATH_SEARCH_PATHS = "$(inherited) @executable_path/Frameworks @loader_path/Frameworks";
				PRODUCT_BUNDLE_IDENTIFIER = com.personal.VotingPowerRechargeTimeCalculatorTests;
				PRODUCT_NAME = "$(TARGET_NAME)";
				SWIFT_VERSION = 4.0;
				TARGETED_DEVICE_FAMILY = "1,2";
				TEST_HOST = "$(BUILT_PRODUCTS_DIR)/VotingPowerRechargeTimeCalculator.app/VotingPowerRechargeTimeCalculator";
			};
			name = Release;
		};
		142E4924203972AD00F909BE /* Debug */ = {
			isa = XCBuildConfiguration;
			buildSettings = {
				ALWAYS_EMBED_SWIFT_STANDARD_LIBRARIES = YES;
				CODE_SIGN_STYLE = Automatic;
				DEVELOPMENT_TEAM = 6CKF2URQY6;
				INFOPLIST_FILE = VotingPowerRechargeTimeCalculatorUITests/Info.plist;
				LD_RUNPATH_SEARCH_PATHS = "$(inherited) @executable_path/Frameworks @loader_path/Frameworks";
				PRODUCT_BUNDLE_IDENTIFIER = com.personal.VotingPowerRechargeTimeCalculatorUITests;
				PRODUCT_NAME = "$(TARGET_NAME)";
				SWIFT_VERSION = 4.0;
				TARGETED_DEVICE_FAMILY = "1,2";
				TEST_TARGET_NAME = VotingPowerRechargeTimeCalculator;
			};
			name = Debug;
		};
		142E4925203972AD00F909BE /* Release */ = {
			isa = XCBuildConfiguration;
			buildSettings = {
				ALWAYS_EMBED_SWIFT_STANDARD_LIBRARIES = YES;
				CODE_SIGN_STYLE = Automatic;
				DEVELOPMENT_TEAM = 6CKF2URQY6;
				INFOPLIST_FILE = VotingPowerRechargeTimeCalculatorUITests/Info.plist;
				LD_RUNPATH_SEARCH_PATHS = "$(inherited) @executable_path/Frameworks @loader_path/Frameworks";
				PRODUCT_BUNDLE_IDENTIFIER = com.personal.VotingPowerRechargeTimeCalculatorUITests;
				PRODUCT_NAME = "$(TARGET_NAME)";
				SWIFT_VERSION = 4.0;
				TARGETED_DEVICE_FAMILY = "1,2";
				TEST_TARGET_NAME = VotingPowerRechargeTimeCalculator;
			};
			name = Release;
		};
/* End XCBuildConfiguration section */

/* Begin XCConfigurationList section */
		142E48F0203972AC00F909BE /* Build configuration list for PBXProject "VotingPowerRechargeTimeCalculator" */ = {
			isa = XCConfigurationList;
			buildConfigurations = (
				142E491B203972AD00F909BE /* Debug */,
				142E491C203972AD00F909BE /* Release */,
			);
			defaultConfigurationIsVisible = 0;
			defaultConfigurationName = Release;
		};
		142E491D203972AD00F909BE /* Build configuration list for PBXNativeTarget "VotingPowerRechargeTimeCalculator" */ = {
			isa = XCConfigurationList;
			buildConfigurations = (
				142E491E203972AD00F909BE /* Debug */,
				142E491F203972AD00F909BE /* Release */,
			);
			defaultConfigurationIsVisible = 0;
			defaultConfigurationName = Release;
		};
		142E4920203972AD00F909BE /* Build configuration list for PBXNativeTarget "VotingPowerRechargeTimeCalculatorTests" */ = {
			isa = XCConfigurationList;
			buildConfigurations = (
				142E4921203972AD00F909BE /* Debug */,
				142E4922203972AD00F909BE /* Release */,
			);
			defaultConfigurationIsVisible = 0;
			defaultConfigurationName = Release;
		};
		142E4923203972AD00F909BE /* Build configuration list for PBXNativeTarget "VotingPowerRechargeTimeCalculatorUITests" */ = {
			isa = XCConfigurationList;
			buildConfigurations = (
				142E4924203972AD00F909BE /* Debug */,
				142E4925203972AD00F909BE /* Release */,
			);
			defaultConfigurationIsVisible = 0;
			defaultConfigurationName = Release;
		};
/* End XCConfigurationList section */
	};
	rootObject = 142E48ED203972AC00F909BE /* Project object */;
}
